
Microsoft Visual Studio Solution File, Format Version 12.00
# Visual Studio Version 17
VisualStudioVersion = 17.0.31903.59
MinimumVisualStudioVersion = 10.0.40219.1
Project("{FAE04EC0-301F-11D3-BF4B-00C04F79EFBC}") = "WebApi", "WebApi\WebApi.csproj", "{A9302B87-5D07-4DED-BE0E-252E7C9CDAB9}"
EndProject
Project("{FAE04EC0-301F-11D3-BF4B-00C04F79EFBC}") = "Domain", "Domain\Domain.csproj", "{5BDEB60E-0B64-4526-B2AF-610DAB14469E}"
EndProject
Project("{FAE04EC0-301F-11D3-BF4B-00C04F79EFBC}") = "Infrastructure", "Infrastructure\Infrastructure.csproj", "{FC86C267-B6E4-4D2A-B1C4-A499AD74DEFC}"
EndProject
Global
	GlobalSection(SolutionConfigurationPlatforms) = preSolution
		Debug|Any CPU = Debug|Any CPU
		Release|Any CPU = Release|Any CPU
	EndGlobalSection
	GlobalSection(SolutionProperties) = preSolution
		HideSolutionNode = FALSE
	EndGlobalSection
	GlobalSection(ProjectConfigurationPlatforms) = postSolution
		{A9302B87-5D07-4DED-BE0E-252E7C9CDAB9}.Debug|Any CPU.ActiveCfg = Debug|Any CPU
		{A9302B87-5D07-4DED-BE0E-252E7C9CDAB9}.Debug|Any CPU.Build.0 = Debug|Any CPU
		{A9302B87-5D07-4DED-BE0E-252E7C9CDAB9}.Release|Any CPU.ActiveCfg = Release|Any CPU
		{A9302B87-5D07-4DED-BE0E-252E7C9CDAB9}.Release|Any CPU.Build.0 = Release|Any CPU
		{5BDEB60E-0B64-4526-B2AF-610DAB14469E}.Debug|Any CPU.ActiveCfg = Debug|Any CPU
		{5BDEB60E-0B64-4526-B2AF-610DAB14469E}.Debug|Any CPU.Build.0 = Debug|Any CPU
		{5BDEB60E-0B64-4526-B2AF-610DAB14469E}.Release|Any CPU.ActiveCfg = Release|Any CPU
		{5BDEB60E-0B64-4526-B2AF-610DAB14469E}.Release|Any CPU.Build.0 = Release|Any CPU
		{FC86C267-B6E4-4D2A-B1C4-A499AD74DEFC}.Debug|Any CPU.ActiveCfg = Debug|Any CPU
		{FC86C267-B6E4-4D2A-B1C4-A499AD74DEFC}.Debug|Any CPU.Build.0 = Debug|Any CPU
		{FC86C267-B6E4-4D2A-B1C4-A499AD74DEFC}.Release|Any CPU.ActiveCfg = Release|Any CPU
		{FC86C267-B6E4-4D2A-B1C4-A499AD74DEFC}.Release|Any CPU.Build.0 = Release|Any CPU
	EndGlobalSection
EndGlobal
